version: 1.0
shards:
  authentic:
    github: luckyframework/authentic
    version: 0.5.4

  avram:
    github: luckyframework/avram
    version: 0.14.0

  baked_file_system:
    github: schovi/baked_file_system
    version: 0.9.8

  bindata:
    github: spider-gazelle/bindata
    version: 1.5.3

  blank:
    github: kostya/blank
    version: 0.1.0

  carbon:
    github: luckyframework/carbon
    version: 0.1.1

  cry:
    github: paulcsmith/cry
    version: 0.4.2

  db:
    github: crystal-lang/crystal-db
    version: 0.9.0

  device_detector:
    github: confact/device_detector
    commit: 92355cc32dc992ad6c11772445ee7bbb69d9ac84

  dexter:
    github: luckyframework/dexter
    version: 0.2.0

  dotenv:
    github: gdotdesign/cr-dotenv
    version: 0.7.0

  email:
    github: arcage/crystal-email
    version: 0.6.1

  exception_page:
    github: crystal-loot/exception_page
    version: 0.1.4

  habitat:
    github: luckyframework/habitat
    version: 0.4.3

  hashids:
    github: splattael/hashids.cr
    version: 0.3.0

  ip2country:
    github: confact/ip2country
    version: 0.1.5

  jwt:
    github: crystal-community/jwt
    version: 1.4.2

  kilt:
    github: jeromegn/kilt
    version: 0.6.0

  lucky:
    github: luckyframework/lucky
    version: 0.21.1

  lucky_can:
    github: confact/lucky_can
    commit: 2004fe0e4d02a43ca3f7b4728c28b1c501285a9c

  lucky_cli:
    github: luckyframework/lucky_cli
    version: 0.21.0

  lucky_flow:
    github: luckyframework/lucky_flow
    version: 0.6.3

  lucky_router:
    github: luckyframework/lucky_router
    version: 0.2.2

  markd:
    github: icyleaf/markd
    version: 0.2.0

  openssl_ext:
    github: stakach/openssl_ext
    version: 1.2.1

  pg:
    github: will/crystal-pg
    version: 0.21.1

  quoted_printable:
    github: arcage/crystal-quotedprintable
    version: 0.1.0

  referer-parser:
    github: confact/referer-parser.cr
    version: 0.1.0

  selenium:
    github: ysbaddaden/selenium-webdriver-crystal
    commit: bda2fd406c1a118251c5a2883f1e1f3af242116e

  shell-table:
    github: luckyframework/shell-table.cr
    commit: 078a04ea58ead5203bb435a3b5fff448ddabaeea

  teeplate:
    github: luckyframework/teeplate
    version: 0.8.1

  wordsmith:
    github: luckyframework/wordsmith
    version: 0.2.0

